
Microsoft Visual Studio Solution File, Format Version 12.00
# Visual Studio 14
VisualStudioVersion = 14.0.25123.0
MinimumVisualStudioVersion = 10.0.40219.1
Project("{FAE04EC0-301F-11D3-BF4B-00C04F79EFBC}") = "template.Droid", "template\template.Droid\template.Droid.csproj", "{9DA5DFE1-5376-4481-A4A1-C0389C50A60D}"
EndProject
Project("{FAE04EC0-301F-11D3-BF4B-00C04F79EFBC}") = "template.iOS", "template\template.iOS\template.iOS.csproj", "{D15B128C-F2D8-4C78-81C6-32558AC2AC6B}"
EndProject
Project("{FAE04EC0-301F-11D3-BF4B-00C04F79EFBC}") = "template.WinPhone", "template\template.WinPhone\template.WinPhone.csproj", "{E7A9FA46-6AA5-44B7-84AF-528E41EF0F00}"
EndProject
Project("{FAE04EC0-301F-11D3-BF4B-00C04F79EFBC}") = "template.UWP", "template\template.UWP\template.UWP.csproj", "{CC6B7714-9A25-424D-AC68-0907AC0517F3}"
EndProject
Project("{FAE04EC0-301F-11D3-BF4B-00C04F79EFBC}") = "template.Windows", "template\template.Windows\template.Windows.csproj", "{6038FDFB-41F3-4A42-AE1B-489D1BBFBB59}"
EndProject
Project("{FAE04EC0-301F-11D3-BF4B-00C04F79EFBC}") = "template", "template\template\template.csproj", "{E8541FD2-4927-4EA9-A3AD-3D1340BE1E5F}"
EndProject
Global
	GlobalSection(SolutionConfigurationPlatforms) = preSolution
		Ad-Hoc|Any CPU = Ad-Hoc|Any CPU
		Ad-Hoc|ARM = Ad-Hoc|ARM
		Ad-Hoc|iPhone = Ad-Hoc|iPhone
		Ad-Hoc|iPhoneSimulator = Ad-Hoc|iPhoneSimulator
		Ad-Hoc|x64 = Ad-Hoc|x64
		Ad-Hoc|x86 = Ad-Hoc|x86
		AppStore|Any CPU = AppStore|Any CPU
		AppStore|ARM = AppStore|ARM
		AppStore|iPhone = AppStore|iPhone
		AppStore|iPhoneSimulator = AppStore|iPhoneSimulator
		AppStore|x64 = AppStore|x64
		AppStore|x86 = AppStore|x86
		Debug|Any CPU = Debug|Any CPU
		Debug|ARM = Debug|ARM
		Debug|iPhone = Debug|iPhone
		Debug|iPhoneSimulator = Debug|iPhoneSimulator
		Debug|x64 = Debug|x64
		Debug|x86 = Debug|x86
		Release|Any CPU = Release|Any CPU
		Release|ARM = Release|ARM
		Release|iPhone = Release|iPhone
		Release|iPhoneSimulator = Release|iPhoneSimulator
		Release|x64 = Release|x64
		Release|x86 = Release|x86
	EndGlobalSection
	GlobalSection(ProjectConfigurationPlatforms) = postSolution
		{9DA5DFE1-5376-4481-A4A1-C0389C50A60D}.Ad-Hoc|Any CPU.ActiveCfg = Release|Any CPU
		{9DA5DFE1-5376-4481-A4A1-C0389C50A60D}.Ad-Hoc|Any CPU.Build.0 = Release|Any CPU
		{9DA5DFE1-5376-4481-A4A1-C0389C50A60D}.Ad-Hoc|Any CPU.Deploy.0 = Release|Any CPU
		{9DA5DFE1-5376-4481-A4A1-C0389C50A60D}.Ad-Hoc|ARM.ActiveCfg = Release|Any CPU
		{9DA5DFE1-5376-4481-A4A1-C0389C50A60D}.Ad-Hoc|ARM.Build.0 = Release|Any CPU
		{9DA5DFE1-5376-4481-A4A1-C0389C50A60D}.Ad-Hoc|ARM.Deploy.0 = Release|Any CPU
		{9DA5DFE1-5376-4481-A4A1-C0389C50A60D}.Ad-Hoc|iPhone.ActiveCfg = Release|Any CPU
		{9DA5DFE1-5376-4481-A4A1-C0389C50A60D}.Ad-Hoc|iPhone.Build.0 = Release|Any CPU
		{9DA5DFE1-5376-4481-A4A1-C0389C50A60D}.Ad-Hoc|iPhone.Deploy.0 = Release|Any CPU
		{9DA5DFE1-5376-4481-A4A1-C0389C50A60D}.Ad-Hoc|iPhoneSimulator.ActiveCfg = Release|Any CPU
		{9DA5DFE1-5376-4481-A4A1-C0389C50A60D}.Ad-Hoc|iPhoneSimulator.Build.0 = Release|Any CPU
		{9DA5DFE1-5376-4481-A4A1-C0389C50A60D}.Ad-Hoc|iPhoneSimulator.Deploy.0 = Release|Any CPU
		{9DA5DFE1-5376-4481-A4A1-C0389C50A60D}.Ad-Hoc|x64.ActiveCfg = Release|Any CPU
		{9DA5DFE1-5376-4481-A4A1-C0389C50A60D}.Ad-Hoc|x64.Build.0 = Release|Any CPU
		{9DA5DFE1-5376-4481-A4A1-C0389C50A60D}.Ad-Hoc|x64.Deploy.0 = Release|Any CPU
		{9DA5DFE1-5376-4481-A4A1-C0389C50A60D}.Ad-Hoc|x86.ActiveCfg = Release|Any CPU
		{9DA5DFE1-5376-4481-A4A1-C0389C50A60D}.Ad-Hoc|x86.Build.0 = Release|Any CPU
		{9DA5DFE1-5376-4481-A4A1-C0389C50A60D}.Ad-Hoc|x86.Deploy.0 = Release|Any CPU
		{9DA5DFE1-5376-4481-A4A1-C0389C50A60D}.AppStore|Any CPU.ActiveCfg = Release|Any CPU
		{9DA5DFE1-5376-4481-A4A1-C0389C50A60D}.AppStore|Any CPU.Build.0 = Release|Any CPU
		{9DA5DFE1-5376-4481-A4A1-C0389C50A60D}.AppStore|Any CPU.Deploy.0 = Release|Any CPU
		{9DA5DFE1-5376-4481-A4A1-C0389C50A60D}.AppStore|ARM.ActiveCfg = Release|Any CPU
		{9DA5DFE1-5376-4481-A4A1-C0389C50A60D}.AppStore|ARM.Build.0 = Release|Any CPU
		{9DA5DFE1-5376-4481-A4A1-C0389C50A60D}.AppStore|ARM.Deploy.0 = Release|Any CPU
		{9DA5DFE1-5376-4481-A4A1-C0389C50A60D}.AppStore|iPhone.ActiveCfg = Release|Any CPU
		{9DA5DFE1-5376-4481-A4A1-C0389C50A60D}.AppStore|iPhone.Build.0 = Release|Any CPU
		{9DA5DFE1-5376-4481-A4A1-C0389C50A60D}.AppStore|iPhone.Deploy.0 = Release|Any CPU
		{9DA5DFE1-5376-4481-A4A1-C0389C50A60D}.AppStore|iPhoneSimulator.ActiveCfg = Release|Any CPU
		{9DA5DFE1-5376-4481-A4A1-C0389C50A60D}.AppStore|iPhoneSimulator.Build.0 = Release|Any CPU
		{9DA5DFE1-5376-4481-A4A1-C0389C50A60D}.AppStore|iPhoneSimulator.Deploy.0 = Release|Any CPU
		{9DA5DFE1-5376-4481-A4A1-C0389C50A60D}.AppStore|x64.ActiveCfg = Release|Any CPU
		{9DA5DFE1-5376-4481-A4A1-C0389C50A60D}.AppStore|x64.Build.0 = Release|Any CPU
		{9DA5DFE1-5376-4481-A4A1-C0389C50A60D}.AppStore|x64.Deploy.0 = Release|Any CPU
		{9DA5DFE1-5376-4481-A4A1-C0389C50A60D}.AppStore|x86.ActiveCfg = Release|Any CPU
		{9DA5DFE1-5376-4481-A4A1-C0389C50A60D}.AppStore|x86.Build.0 = Release|Any CPU
		{9DA5DFE1-5376-4481-A4A1-C0389C50A60D}.AppStore|x86.Deploy.0 = Release|Any CPU
		{9DA5DFE1-5376-4481-A4A1-C0389C50A60D}.Debug|Any CPU.ActiveCfg = Debug|Any CPU
		{9DA5DFE1-5376-4481-A4A1-C0389C50A60D}.Debug|Any CPU.Build.0 = Debug|Any CPU
		{9DA5DFE1-5376-4481-A4A1-C0389C50A60D}.Debug|Any CPU.Deploy.0 = Debug|Any CPU
		{9DA5DFE1-5376-4481-A4A1-C0389C50A60D}.Debug|ARM.ActiveCfg = Debug|Any CPU
		{9DA5DFE1-5376-4481-A4A1-C0389C50A60D}.Debug|ARM.Build.0 = Debug|Any CPU
		{9DA5DFE1-5376-4481-A4A1-C0389C50A60D}.Debug|ARM.Deploy.0 = Debug|Any CPU
		{9DA5DFE1-5376-4481-A4A1-C0389C50A60D}.Debug|iPhone.ActiveCfg = Debug|Any CPU
		{9DA5DFE1-5376-4481-A4A1-C0389C50A60D}.Debug|iPhone.Build.0 = Debug|Any CPU
		{9DA5DFE1-5376-4481-A4A1-C0389C50A60D}.Debug|iPhone.Deploy.0 = Debug|Any CPU
		{9DA5DFE1-5376-4481-A4A1-C0389C50A60D}.Debug|iPhoneSimulator.ActiveCfg = Debug|Any CPU
		{9DA5DFE1-5376-4481-A4A1-C0389C50A60D}.Debug|iPhoneSimulator.Build.0 = Debug|Any CPU
		{9DA5DFE1-5376-4481-A4A1-C0389C50A60D}.Debug|iPhoneSimulator.Deploy.0 = Debug|Any CPU
		{9DA5DFE1-5376-4481-A4A1-C0389C50A60D}.Debug|x64.ActiveCfg = Debug|Any CPU
		{9DA5DFE1-5376-4481-A4A1-C0389C50A60D}.Debug|x64.Build.0 = Debug|Any CPU
		{9DA5DFE1-5376-4481-A4A1-C0389C50A60D}.Debug|x64.Deploy.0 = Debug|Any CPU
		{9DA5DFE1-5376-4481-A4A1-C0389C50A60D}.Debug|x86.ActiveCfg = Debug|Any CPU
		{9DA5DFE1-5376-4481-A4A1-C0389C50A60D}.Debug|x86.Build.0 = Debug|Any CPU
		{9DA5DFE1-5376-4481-A4A1-C0389C50A60D}.Debug|x86.Deploy.0 = Debug|Any CPU
		{9DA5DFE1-5376-4481-A4A1-C0389C50A60D}.Release|Any CPU.ActiveCfg = Release|Any CPU
		{9DA5DFE1-5376-4481-A4A1-C0389C50A60D}.Release|Any CPU.Build.0 = Release|Any CPU
		{9DA5DFE1-5376-4481-A4A1-C0389C50A60D}.Release|Any CPU.Deploy.0 = Release|Any CPU
		{9DA5DFE1-5376-4481-A4A1-C0389C50A60D}.Release|ARM.ActiveCfg = Release|Any CPU
		{9DA5DFE1-5376-4481-A4A1-C0389C50A60D}.Release|ARM.Build.0 = Release|Any CPU
		{9DA5DFE1-5376-4481-A4A1-C0389C50A60D}.Release|ARM.Deploy.0 = Release|Any CPU
		{9DA5DFE1-5376-4481-A4A1-C0389C50A60D}.Release|iPhone.ActiveCfg = Release|Any CPU
		{9DA5DFE1-5376-4481-A4A1-C0389C50A60D}.Release|iPhone.Build.0 = Release|Any CPU
		{9DA5DFE1-5376-4481-A4A1-C0389C50A60D}.Release|iPhone.Deploy.0 = Release|Any CPU
		{9DA5DFE1-5376-4481-A4A1-C0389C50A60D}.Release|iPhoneSimulator.ActiveCfg = Release|Any CPU
		{9DA5DFE1-5376-4481-A4A1-C0389C50A60D}.Release|iPhoneSimulator.Build.0 = Release|Any CPU
		{9DA5DFE1-5376-4481-A4A1-C0389C50A60D}.Release|iPhoneSimulator.Deploy.0 = Release|Any CPU
		{9DA5DFE1-5376-4481-A4A1-C0389C50A60D}.Release|x64.ActiveCfg = Release|Any CPU
		{9DA5DFE1-5376-4481-A4A1-C0389C50A60D}.Release|x64.Build.0 = Release|Any CPU
		{9DA5DFE1-5376-4481-A4A1-C0389C50A60D}.Release|x64.Deploy.0 = Release|Any CPU
		{9DA5DFE1-5376-4481-A4A1-C0389C50A60D}.Release|x86.ActiveCfg = Release|Any CPU
		{9DA5DFE1-5376-4481-A4A1-C0389C50A60D}.Release|x86.Build.0 = Release|Any CPU
		{9DA5DFE1-5376-4481-A4A1-C0389C50A60D}.Release|x86.Deploy.0 = Release|Any CPU
		{D15B128C-F2D8-4C78-81C6-32558AC2AC6B}.Ad-Hoc|Any CPU.ActiveCfg = Ad-Hoc|iPhone
		{D15B128C-F2D8-4C78-81C6-32558AC2AC6B}.Ad-Hoc|ARM.ActiveCfg = Ad-Hoc|iPhone
		{D15B128C-F2D8-4C78-81C6-32558AC2AC6B}.Ad-Hoc|iPhone.ActiveCfg = Ad-Hoc|iPhone
		{D15B128C-F2D8-4C78-81C6-32558AC2AC6B}.Ad-Hoc|iPhone.Build.0 = Ad-Hoc|iPhone
		{D15B128C-F2D8-4C78-81C6-32558AC2AC6B}.Ad-Hoc|iPhoneSimulator.ActiveCfg = Ad-Hoc|iPhoneSimulator
		{D15B128C-F2D8-4C78-81C6-32558AC2AC6B}.Ad-Hoc|iPhoneSimulator.Build.0 = Ad-Hoc|iPhoneSimulator
		{D15B128C-F2D8-4C78-81C6-32558AC2AC6B}.Ad-Hoc|x64.ActiveCfg = Ad-Hoc|iPhone
		{D15B128C-F2D8-4C78-81C6-32558AC2AC6B}.Ad-Hoc|x86.ActiveCfg = Ad-Hoc|iPhone
		{D15B128C-F2D8-4C78-81C6-32558AC2AC6B}.AppStore|Any CPU.ActiveCfg = AppStore|iPhone
		{D15B128C-F2D8-4C78-81C6-32558AC2AC6B}.AppStore|ARM.ActiveCfg = AppStore|iPhone
		{D15B128C-F2D8-4C78-81C6-32558AC2AC6B}.AppStore|iPhone.ActiveCfg = AppStore|iPhone
		{D15B128C-F2D8-4C78-81C6-32558AC2AC6B}.AppStore|iPhone.Build.0 = AppStore|iPhone
		{D15B128C-F2D8-4C78-81C6-32558AC2AC6B}.AppStore|iPhoneSimulator.ActiveCfg = AppStore|iPhoneSimulator
		{D15B128C-F2D8-4C78-81C6-32558AC2AC6B}.AppStore|iPhoneSimulator.Build.0 = AppStore|iPhoneSimulator
		{D15B128C-F2D8-4C78-81C6-32558AC2AC6B}.AppStore|x64.ActiveCfg = AppStore|iPhone
		{D15B128C-F2D8-4C78-81C6-32558AC2AC6B}.AppStore|x86.ActiveCfg = AppStore|iPhone
		{D15B128C-F2D8-4C78-81C6-32558AC2AC6B}.Debug|Any CPU.ActiveCfg = Debug|iPhone
		{D15B128C-F2D8-4C78-81C6-32558AC2AC6B}.Debug|ARM.ActiveCfg = Debug|iPhone
		{D15B128C-F2D8-4C78-81C6-32558AC2AC6B}.Debug|iPhone.ActiveCfg = Debug|iPhone
		{D15B128C-F2D8-4C78-81C6-32558AC2AC6B}.Debug|iPhone.Build.0 = Debug|iPhone
		{D15B128C-F2D8-4C78-81C6-32558AC2AC6B}.Debug|iPhoneSimulator.ActiveCfg = Debug|iPhoneSimulator
		{D15B128C-F2D8-4C78-81C6-32558AC2AC6B}.Debug|iPhoneSimulator.Build.0 = Debug|iPhoneSimulator
		{D15B128C-F2D8-4C78-81C6-32558AC2AC6B}.Debug|x64.ActiveCfg = Debug|iPhone
		{D15B128C-F2D8-4C78-81C6-32558AC2AC6B}.Debug|x86.ActiveCfg = Debug|iPhone
		{D15B128C-F2D8-4C78-81C6-32558AC2AC6B}.Release|Any CPU.ActiveCfg = Release|iPhone
		{D15B128C-F2D8-4C78-81C6-32558AC2AC6B}.Release|ARM.ActiveCfg = Release|iPhone
		{D15B128C-F2D8-4C78-81C6-32558AC2AC6B}.Release|iPhone.ActiveCfg = Release|iPhone
		{D15B128C-F2D8-4C78-81C6-32558AC2AC6B}.Release|iPhone.Build.0 = Release|iPhone
		{D15B128C-F2D8-4C78-81C6-32558AC2AC6B}.Release|iPhoneSimulator.ActiveCfg = Release|iPhoneSimulator
		{D15B128C-F2D8-4C78-81C6-32558AC2AC6B}.Release|iPhoneSimulator.Build.0 = Release|iPhoneSimulator
		{D15B128C-F2D8-4C78-81C6-32558AC2AC6B}.Release|x64.ActiveCfg = Release|iPhone
		{D15B128C-F2D8-4C78-81C6-32558AC2AC6B}.Release|x86.ActiveCfg = Release|iPhone
		{E7A9FA46-6AA5-44B7-84AF-528E41EF0F00}.Ad-Hoc|Any CPU.ActiveCfg = Release|Any CPU
		{E7A9FA46-6AA5-44B7-84AF-528E41EF0F00}.Ad-Hoc|Any CPU.Build.0 = Release|Any CPU
		{E7A9FA46-6AA5-44B7-84AF-528E41EF0F00}.Ad-Hoc|Any CPU.Deploy.0 = Release|Any CPU
		{E7A9FA46-6AA5-44B7-84AF-528E41EF0F00}.Ad-Hoc|ARM.ActiveCfg = Release|ARM
		{E7A9FA46-6AA5-44B7-84AF-528E41EF0F00}.Ad-Hoc|ARM.Build.0 = Release|ARM
		{E7A9FA46-6AA5-44B7-84AF-528E41EF0F00}.Ad-Hoc|ARM.Deploy.0 = Release|ARM
		{E7A9FA46-6AA5-44B7-84AF-528E41EF0F00}.Ad-Hoc|iPhone.ActiveCfg = Release|Any CPU
		{E7A9FA46-6AA5-44B7-84AF-528E41EF0F00}.Ad-Hoc|iPhone.Build.0 = Release|Any CPU
		{E7A9FA46-6AA5-44B7-84AF-528E41EF0F00}.Ad-Hoc|iPhone.Deploy.0 = Release|Any CPU
		{E7A9FA46-6AA5-44B7-84AF-528E41EF0F00}.Ad-Hoc|iPhoneSimulator.ActiveCfg = Release|Any CPU
		{E7A9FA46-6AA5-44B7-84AF-528E41EF0F00}.Ad-Hoc|iPhoneSimulator.Build.0 = Release|Any CPU
		{E7A9FA46-6AA5-44B7-84AF-528E41EF0F00}.Ad-Hoc|iPhoneSimulator.Deploy.0 = Release|Any CPU
		{E7A9FA46-6AA5-44B7-84AF-528E41EF0F00}.Ad-Hoc|x64.ActiveCfg = Release|Any CPU
		{E7A9FA46-6AA5-44B7-84AF-528E41EF0F00}.Ad-Hoc|x64.Build.0 = Release|Any CPU
		{E7A9FA46-6AA5-44B7-84AF-528E41EF0F00}.Ad-Hoc|x64.Deploy.0 = Release|Any CPU
		{E7A9FA46-6AA5-44B7-84AF-528E41EF0F00}.Ad-Hoc|x86.ActiveCfg = Release|x86
		{E7A9FA46-6AA5-44B7-84AF-528E41EF0F00}.Ad-Hoc|x86.Build.0 = Release|x86
		{E7A9FA46-6AA5-44B7-84AF-528E41EF0F00}.Ad-Hoc|x86.Deploy.0 = Release|x86
		{E7A9FA46-6AA5-44B7-84AF-528E41EF0F00}.AppStore|Any CPU.ActiveCfg = Release|Any CPU
		{E7A9FA46-6AA5-44B7-84AF-528E41EF0F00}.AppStore|Any CPU.Build.0 = Release|Any CPU
		{E7A9FA46-6AA5-44B7-84AF-528E41EF0F00}.AppStore|Any CPU.Deploy.0 = Release|Any CPU
		{E7A9FA46-6AA5-44B7-84AF-528E41EF0F00}.AppStore|ARM.ActiveCfg = Release|ARM
		{E7A9FA46-6AA5-44B7-84AF-528E41EF0F00}.AppStore|ARM.Build.0 = Release|ARM
		{E7A9FA46-6AA5-44B7-84AF-528E41EF0F00}.AppStore|ARM.Deploy.0 = Release|ARM
		{E7A9FA46-6AA5-44B7-84AF-528E41EF0F00}.AppStore|iPhone.ActiveCfg = Release|Any CPU
		{E7A9FA46-6AA5-44B7-84AF-528E41EF0F00}.AppStore|iPhone.Build.0 = Release|Any CPU
		{E7A9FA46-6AA5-44B7-84AF-528E41EF0F00}.AppStore|iPhone.Deploy.0 = Release|Any CPU
		{E7A9FA46-6AA5-44B7-84AF-528E41EF0F00}.AppStore|iPhoneSimulator.ActiveCfg = Release|Any CPU
		{E7A9FA46-6AA5-44B7-84AF-528E41EF0F00}.AppStore|iPhoneSimulator.Build.0 = Release|Any CPU
		{E7A9FA46-6AA5-44B7-84AF-528E41EF0F00}.AppStore|iPhoneSimulator.Deploy.0 = Release|Any CPU
		{E7A9FA46-6AA5-44B7-84AF-528E41EF0F00}.AppStore|x64.ActiveCfg = Release|Any CPU
		{E7A9FA46-6AA5-44B7-84AF-528E41EF0F00}.AppStore|x64.Build.0 = Release|Any CPU
		{E7A9FA46-6AA5-44B7-84AF-528E41EF0F00}.AppStore|x64.Deploy.0 = Release|Any CPU
		{E7A9FA46-6AA5-44B7-84AF-528E41EF0F00}.AppStore|x86.ActiveCfg = Release|x86
		{E7A9FA46-6AA5-44B7-84AF-528E41EF0F00}.AppStore|x86.Build.0 = Release|x86
		{E7A9FA46-6AA5-44B7-84AF-528E41EF0F00}.AppStore|x86.Deploy.0 = Release|x86
		{E7A9FA46-6AA5-44B7-84AF-528E41EF0F00}.Debug|Any CPU.ActiveCfg = Debug|Any CPU
		{E7A9FA46-6AA5-44B7-84AF-528E41EF0F00}.Debug|Any CPU.Build.0 = Debug|Any CPU
		{E7A9FA46-6AA5-44B7-84AF-528E41EF0F00}.Debug|Any CPU.Deploy.0 = Debug|Any CPU
		{E7A9FA46-6AA5-44B7-84AF-528E41EF0F00}.Debug|ARM.ActiveCfg = Debug|ARM
		{E7A9FA46-6AA5-44B7-84AF-528E41EF0F00}.Debug|ARM.Build.0 = Debug|ARM
		{E7A9FA46-6AA5-44B7-84AF-528E41EF0F00}.Debug|ARM.Deploy.0 = Debug|ARM
		{E7A9FA46-6AA5-44B7-84AF-528E41EF0F00}.Debug|iPhone.ActiveCfg = Debug|Any CPU
		{E7A9FA46-6AA5-44B7-84AF-528E41EF0F00}.Debug|iPhone.Build.0 = Debug|Any CPU
		{E7A9FA46-6AA5-44B7-84AF-528E41EF0F00}.Debug|iPhone.Deploy.0 = Debug|Any CPU
		{E7A9FA46-6AA5-44B7-84AF-528E41EF0F00}.Debug|iPhoneSimulator.ActiveCfg = Debug|Any CPU
		{E7A9FA46-6AA5-44B7-84AF-528E41EF0F00}.Debug|iPhoneSimulator.Build.0 = Debug|Any CPU
		{E7A9FA46-6AA5-44B7-84AF-528E41EF0F00}.Debug|iPhoneSimulator.Deploy.0 = Debug|Any CPU
		{E7A9FA46-6AA5-44B7-84AF-528E41EF0F00}.Debug|x64.ActiveCfg = Debug|Any CPU
		{E7A9FA46-6AA5-44B7-84AF-528E41EF0F00}.Debug|x64.Build.0 = Debug|Any CPU
		{E7A9FA46-6AA5-44B7-84AF-528E41EF0F00}.Debug|x64.Deploy.0 = Debug|Any CPU
		{E7A9FA46-6AA5-44B7-84AF-528E41EF0F00}.Debug|x86.ActiveCfg = Debug|x86
		{E7A9FA46-6AA5-44B7-84AF-528E41EF0F00}.Debug|x86.Build.0 = Debug|x86
		{E7A9FA46-6AA5-44B7-84AF-528E41EF0F00}.Debug|x86.Deploy.0 = Debug|x86
		{E7A9FA46-6AA5-44B7-84AF-528E41EF0F00}.Release|Any CPU.ActiveCfg = Release|Any CPU
		{E7A9FA46-6AA5-44B7-84AF-528E41EF0F00}.Release|Any CPU.Build.0 = Release|Any CPU
		{E7A9FA46-6AA5-44B7-84AF-528E41EF0F00}.Release|Any CPU.Deploy.0 = Release|Any CPU
		{E7A9FA46-6AA5-44B7-84AF-528E41EF0F00}.Release|ARM.ActiveCfg = Release|ARM
		{E7A9FA46-6AA5-44B7-84AF-528E41EF0F00}.Release|ARM.Build.0 = Release|ARM
		{E7A9FA46-6AA5-44B7-84AF-528E41EF0F00}.Release|ARM.Deploy.0 = Release|ARM
		{E7A9FA46-6AA5-44B7-84AF-528E41EF0F00}.Release|iPhone.ActiveCfg = Release|Any CPU
		{E7A9FA46-6AA5-44B7-84AF-528E41EF0F00}.Release|iPhone.Build.0 = Release|Any CPU
		{E7A9FA46-6AA5-44B7-84AF-528E41EF0F00}.Release|iPhone.Deploy.0 = Release|Any CPU
		{E7A9FA46-6AA5-44B7-84AF-528E41EF0F00}.Release|iPhoneSimulator.ActiveCfg = Release|Any CPU
		{E7A9FA46-6AA5-44B7-84AF-528E41EF0F00}.Release|iPhoneSimulator.Build.0 = Release|Any CPU
		{E7A9FA46-6AA5-44B7-84AF-528E41EF0F00}.Release|iPhoneSimulator.Deploy.0 = Release|Any CPU
		{E7A9FA46-6AA5-44B7-84AF-528E41EF0F00}.Release|x64.ActiveCfg = Release|Any CPU
		{E7A9FA46-6AA5-44B7-84AF-528E41EF0F00}.Release|x64.Build.0 = Release|Any CPU
		{E7A9FA46-6AA5-44B7-84AF-528E41EF0F00}.Release|x64.Deploy.0 = Release|Any CPU
		{E7A9FA46-6AA5-44B7-84AF-528E41EF0F00}.Release|x86.ActiveCfg = Release|x86
		{E7A9FA46-6AA5-44B7-84AF-528E41EF0F00}.Release|x86.Build.0 = Release|x86
		{E7A9FA46-6AA5-44B7-84AF-528E41EF0F00}.Release|x86.Deploy.0 = Release|x86
		{CC6B7714-9A25-424D-AC68-0907AC0517F3}.Ad-Hoc|Any CPU.ActiveCfg = Release|x86
		{CC6B7714-9A25-424D-AC68-0907AC0517F3}.Ad-Hoc|Any CPU.Build.0 = Release|x86
		{CC6B7714-9A25-424D-AC68-0907AC0517F3}.Ad-Hoc|Any CPU.Deploy.0 = Release|x86
		{CC6B7714-9A25-424D-AC68-0907AC0517F3}.Ad-Hoc|ARM.ActiveCfg = Release|ARM
		{CC6B7714-9A25-424D-AC68-0907AC0517F3}.Ad-Hoc|ARM.Build.0 = Release|ARM
		{CC6B7714-9A25-424D-AC68-0907AC0517F3}.Ad-Hoc|ARM.Deploy.0 = Release|ARM
		{CC6B7714-9A25-424D-AC68-0907AC0517F3}.Ad-Hoc|iPhone.ActiveCfg = Release|x86
		{CC6B7714-9A25-424D-AC68-0907AC0517F3}.Ad-Hoc|iPhone.Build.0 = Release|x86
		{CC6B7714-9A25-424D-AC68-0907AC0517F3}.Ad-Hoc|iPhone.Deploy.0 = Release|x86
		{CC6B7714-9A25-424D-AC68-0907AC0517F3}.Ad-Hoc|iPhoneSimulator.ActiveCfg = Release|x86
		{CC6B7714-9A25-424D-AC68-0907AC0517F3}.Ad-Hoc|iPhoneSimulator.Build.0 = Release|x86
		{CC6B7714-9A25-424D-AC68-0907AC0517F3}.Ad-Hoc|iPhoneSimulator.Deploy.0 = Release|x86
		{CC6B7714-9A25-424D-AC68-0907AC0517F3}.Ad-Hoc|x64.ActiveCfg = Release|x64
		{CC6B7714-9A25-424D-AC68-0907AC0517F3}.Ad-Hoc|x64.Build.0 = Release|x64
		{CC6B7714-9A25-424D-AC68-0907AC0517F3}.Ad-Hoc|x64.Deploy.0 = Release|x64
		{CC6B7714-9A25-424D-AC68-0907AC0517F3}.Ad-Hoc|x86.ActiveCfg = Release|x86
		{CC6B7714-9A25-424D-AC68-0907AC0517F3}.Ad-Hoc|x86.Build.0 = Release|x86
		{CC6B7714-9A25-424D-AC68-0907AC0517F3}.Ad-Hoc|x86.Deploy.0 = Release|x86
		{CC6B7714-9A25-424D-AC68-0907AC0517F3}.AppStore|Any CPU.ActiveCfg = Release|x86
		{CC6B7714-9A25-424D-AC68-0907AC0517F3}.AppStore|Any CPU.Build.0 = Release|x86
		{CC6B7714-9A25-424D-AC68-0907AC0517F3}.AppStore|Any CPU.Deploy.0 = Release|x86
		{CC6B7714-9A25-424D-AC68-0907AC0517F3}.AppStore|ARM.ActiveCfg = Release|ARM
		{CC6B7714-9A25-424D-AC68-0907AC0517F3}.AppStore|ARM.Build.0 = Release|ARM
		{CC6B7714-9A25-424D-AC68-0907AC0517F3}.AppStore|ARM.Deploy.0 = Release|ARM
		{CC6B7714-9A25-424D-AC68-0907AC0517F3}.AppStore|iPhone.ActiveCfg = Release|x86
		{CC6B7714-9A25-424D-AC68-0907AC0517F3}.AppStore|iPhone.Build.0 = Release|x86
		{CC6B7714-9A25-424D-AC68-0907AC0517F3}.AppStore|iPhone.Deploy.0 = Release|x86
		{CC6B7714-9A25-424D-AC68-0907AC0517F3}.AppStore|iPhoneSimulator.ActiveCfg = Release|x86
		{CC6B7714-9A25-424D-AC68-0907AC0517F3}.AppStore|iPhoneSimulator.Build.0 = Release|x86
		{CC6B7714-9A25-424D-AC68-0907AC0517F3}.AppStore|iPhoneSimulator.Deploy.0 = Release|x86
		{CC6B7714-9A25-424D-AC68-0907AC0517F3}.AppStore|x64.ActiveCfg = Release|x64
		{CC6B7714-9A25-424D-AC68-0907AC0517F3}.AppStore|x64.Build.0 = Release|x64
		{CC6B7714-9A25-424D-AC68-0907AC0517F3}.AppStore|x64.Deploy.0 = Release|x64
		{CC6B7714-9A25-424D-AC68-0907AC0517F3}.AppStore|x86.ActiveCfg = Release|x86
		{CC6B7714-9A25-424D-AC68-0907AC0517F3}.AppStore|x86.Build.0 = Release|x86
		{CC6B7714-9A25-424D-AC68-0907AC0517F3}.AppStore|x86.Deploy.0 = Release|x86
		{CC6B7714-9A25-424D-AC68-0907AC0517F3}.Debug|Any CPU.ActiveCfg = Debug|x86
		{CC6B7714-9A25-424D-AC68-0907AC0517F3}.Debug|ARM.ActiveCfg = Debug|ARM
		{CC6B7714-9A25-424D-AC68-0907AC0517F3}.Debug|ARM.Build.0 = Debug|ARM
		{CC6B7714-9A25-424D-AC68-0907AC0517F3}.Debug|ARM.Deploy.0 = Debug|ARM
		{CC6B7714-9A25-424D-AC68-0907AC0517F3}.Debug|iPhone.ActiveCfg = Debug|x86
		{CC6B7714-9A25-424D-AC68-0907AC0517F3}.Debug|iPhoneSimulator.ActiveCfg = Debug|x86
		{CC6B7714-9A25-424D-AC68-0907AC0517F3}.Debug|x64.ActiveCfg = Debug|x64
		{CC6B7714-9A25-424D-AC68-0907AC0517F3}.Debug|x64.Build.0 = Debug|x64
		{CC6B7714-9A25-424D-AC68-0907AC0517F3}.Debug|x64.Deploy.0 = Debug|x64
		{CC6B7714-9A25-424D-AC68-0907AC0517F3}.Debug|x86.ActiveCfg = Debug|x86
		{CC6B7714-9A25-424D-AC68-0907AC0517F3}.Debug|x86.Build.0 = Debug|x86
		{CC6B7714-9A25-424D-AC68-0907AC0517F3}.Debug|x86.Deploy.0 = Debug|x86
		{CC6B7714-9A25-424D-AC68-0907AC0517F3}.Release|Any CPU.ActiveCfg = Release|x86
		{CC6B7714-9A25-424D-AC68-0907AC0517F3}.Release|ARM.ActiveCfg = Release|ARM
		{CC6B7714-9A25-424D-AC68-0907AC0517F3}.Release|ARM.Build.0 = Release|ARM
		{CC6B7714-9A25-424D-AC68-0907AC0517F3}.Release|ARM.Deploy.0 = Release|ARM
		{CC6B7714-9A25-424D-AC68-0907AC0517F3}.Release|iPhone.ActiveCfg = Release|x86
		{CC6B7714-9A25-424D-AC68-0907AC0517F3}.Release|iPhoneSimulator.ActiveCfg = Release|x86
		{CC6B7714-9A25-424D-AC68-0907AC0517F3}.Release|x64.ActiveCfg = Release|x64
		{CC6B7714-9A25-424D-AC68-0907AC0517F3}.Release|x64.Build.0 = Release|x64
		{CC6B7714-9A25-424D-AC68-0907AC0517F3}.Release|x64.Deploy.0 = Release|x64
		{CC6B7714-9A25-424D-AC68-0907AC0517F3}.Release|x86.ActiveCfg = Release|x86
		{CC6B7714-9A25-424D-AC68-0907AC0517F3}.Release|x86.Build.0 = Release|x86
		{CC6B7714-9A25-424D-AC68-0907AC0517F3}.Release|x86.Deploy.0 = Release|x86
		{6038FDFB-41F3-4A42-AE1B-489D1BBFBB59}.Ad-Hoc|Any CPU.ActiveCfg = Release|Any CPU
		{6038FDFB-41F3-4A42-AE1B-489D1BBFBB59}.Ad-Hoc|Any CPU.Build.0 = Release|Any CPU
		{6038FDFB-41F3-4A42-AE1B-489D1BBFBB59}.Ad-Hoc|Any CPU.Deploy.0 = Release|Any CPU
		{6038FDFB-41F3-4A42-AE1B-489D1BBFBB59}.Ad-Hoc|ARM.ActiveCfg = Release|ARM
		{6038FDFB-41F3-4A42-AE1B-489D1BBFBB59}.Ad-Hoc|ARM.Build.0 = Release|ARM
		{6038FDFB-41F3-4A42-AE1B-489D1BBFBB59}.Ad-Hoc|ARM.Deploy.0 = Release|ARM
		{6038FDFB-41F3-4A42-AE1B-489D1BBFBB59}.Ad-Hoc|iPhone.ActiveCfg = Release|Any CPU
		{6038FDFB-41F3-4A42-AE1B-489D1BBFBB59}.Ad-Hoc|iPhone.Build.0 = Release|Any CPU
		{6038FDFB-41F3-4A42-AE1B-489D1BBFBB59}.Ad-Hoc|iPhone.Deploy.0 = Release|Any CPU
		{6038FDFB-41F3-4A42-AE1B-489D1BBFBB59}.Ad-Hoc|iPhoneSimulator.ActiveCfg = Release|Any CPU
		{6038FDFB-41F3-4A42-AE1B-489D1BBFBB59}.Ad-Hoc|iPhoneSimulator.Build.0 = Release|Any CPU
		{6038FDFB-41F3-4A42-AE1B-489D1BBFBB59}.Ad-Hoc|iPhoneSimulator.Deploy.0 = Release|Any CPU
		{6038FDFB-41F3-4A42-AE1B-489D1BBFBB59}.Ad-Hoc|x64.ActiveCfg = Release|x64
		{6038FDFB-41F3-4A42-AE1B-489D1BBFBB59}.Ad-Hoc|x64.Build.0 = Release|x64
		{6038FDFB-41F3-4A42-AE1B-489D1BBFBB59}.Ad-Hoc|x64.Deploy.0 = Release|x64
		{6038FDFB-41F3-4A42-AE1B-489D1BBFBB59}.Ad-Hoc|x86.ActiveCfg = Release|x86
		{6038FDFB-41F3-4A42-AE1B-489D1BBFBB59}.Ad-Hoc|x86.Build.0 = Release|x86
		{6038FDFB-41F3-4A42-AE1B-489D1BBFBB59}.Ad-Hoc|x86.Deploy.0 = Release|x86
		{6038FDFB-41F3-4A42-AE1B-489D1BBFBB59}.AppStore|Any CPU.ActiveCfg = Release|Any CPU
		{6038FDFB-41F3-4A42-AE1B-489D1BBFBB59}.AppStore|Any CPU.Build.0 = Release|Any CPU
		{6038FDFB-41F3-4A42-AE1B-489D1BBFBB59}.AppStore|Any CPU.Deploy.0 = Release|Any CPU
		{6038FDFB-41F3-4A42-AE1B-489D1BBFBB59}.AppStore|ARM.ActiveCfg = Release|ARM
		{6038FDFB-41F3-4A42-AE1B-489D1BBFBB59}.AppStore|ARM.Build.0 = Release|ARM
		{6038FDFB-41F3-4A42-AE1B-489D1BBFBB59}.AppStore|ARM.Deploy.0 = Release|ARM
		{6038FDFB-41F3-4A42-AE1B-489D1BBFBB59}.AppStore|iPhone.ActiveCfg = Release|Any CPU
		{6038FDFB-41F3-4A42-AE1B-489D1BBFBB59}.AppStore|iPhone.Build.0 = Release|Any CPU
		{6038FDFB-41F3-4A42-AE1B-489D1BBFBB59}.AppStore|iPhone.Deploy.0 = Release|Any CPU
		{6038FDFB-41F3-4A42-AE1B-489D1BBFBB59}.AppStore|iPhoneSimulator.ActiveCfg = Release|Any CPU
		{6038FDFB-41F3-4A42-AE1B-489D1BBFBB59}.AppStore|iPhoneSimulator.Build.0 = Release|Any CPU
		{6038FDFB-41F3-4A42-AE1B-489D1BBFBB59}.AppStore|iPhoneSimulator.Deploy.0 = Release|Any CPU
		{6038FDFB-41F3-4A42-AE1B-489D1BBFBB59}.AppStore|x64.ActiveCfg = Release|x64
		{6038FDFB-41F3-4A42-AE1B-489D1BBFBB59}.AppStore|x64.Build.0 = Release|x64
		{6038FDFB-41F3-4A42-AE1B-489D1BBFBB59}.AppStore|x64.Deploy.0 = Release|x64
		{6038FDFB-41F3-4A42-AE1B-489D1BBFBB59}.AppStore|x86.ActiveCfg = Release|x86
		{6038FDFB-41F3-4A42-AE1B-489D1BBFBB59}.AppStore|x86.Build.0 = Release|x86
		{6038FDFB-41F3-4A42-AE1B-489D1BBFBB59}.AppStore|x86.Deploy.0 = Release|x86
		{6038FDFB-41F3-4A42-AE1B-489D1BBFBB59}.Debug|Any CPU.ActiveCfg = Debug|Any CPU
		{6038FDFB-41F3-4A42-AE1B-489D1BBFBB59}.Debug|Any CPU.Build.0 = Debug|Any CPU
		{6038FDFB-41F3-4A42-AE1B-489D1BBFBB59}.Debug|Any CPU.Deploy.0 = Debug|Any CPU
		{6038FDFB-41F3-4A42-AE1B-489D1BBFBB59}.Debug|ARM.ActiveCfg = Debug|ARM
		{6038FDFB-41F3-4A42-AE1B-489D1BBFBB59}.Debug|ARM.Build.0 = Debug|ARM
		{6038FDFB-41F3-4A42-AE1B-489D1BBFBB59}.Debug|ARM.Deploy.0 = Debug|ARM
		{6038FDFB-41F3-4A42-AE1B-489D1BBFBB59}.Debug|iPhone.ActiveCfg = Debug|Any CPU
		{6038FDFB-41F3-4A42-AE1B-489D1BBFBB59}.Debug|iPhone.Build.0 = Debug|Any CPU
		{6038FDFB-41F3-4A42-AE1B-489D1BBFBB59}.Debug|iPhone.Deploy.0 = Debug|Any CPU
		{6038FDFB-41F3-4A42-AE1B-489D1BBFBB59}.Debug|iPhoneSimulator.ActiveCfg = Debug|Any CPU
		{6038FDFB-41F3-4A42-AE1B-489D1BBFBB59}.Debug|iPhoneSimulator.Build.0 = Debug|Any CPU
		{6038FDFB-41F3-4A42-AE1B-489D1BBFBB59}.Debug|iPhoneSimulator.Deploy.0 = Debug|Any CPU
		{6038FDFB-41F3-4A42-AE1B-489D1BBFBB59}.Debug|x64.ActiveCfg = Debug|x64
		{6038FDFB-41F3-4A42-AE1B-489D1BBFBB59}.Debug|x64.Build.0 = Debug|x64
		{6038FDFB-41F3-4A42-AE1B-489D1BBFBB59}.Debug|x64.Deploy.0 = Debug|x64
		{6038FDFB-41F3-4A42-AE1B-489D1BBFBB59}.Debug|x86.ActiveCfg = Debug|x86
		{6038FDFB-41F3-4A42-AE1B-489D1BBFBB59}.Debug|x86.Build.0 = Debug|x86
		{6038FDFB-41F3-4A42-AE1B-489D1BBFBB59}.Debug|x86.Deploy.0 = Debug|x86
		{6038FDFB-41F3-4A42-AE1B-489D1BBFBB59}.Release|Any CPU.ActiveCfg = Release|Any CPU
		{6038FDFB-41F3-4A42-AE1B-489D1BBFBB59}.Release|Any CPU.Build.0 = Release|Any CPU
		{6038FDFB-41F3-4A42-AE1B-489D1BBFBB59}.Release|Any CPU.Deploy.0 = Release|Any CPU
		{6038FDFB-41F3-4A42-AE1B-489D1BBFBB59}.Release|ARM.ActiveCfg = Release|ARM
		{6038FDFB-41F3-4A42-AE1B-489D1BBFBB59}.Release|ARM.Build.0 = Release|ARM
		{6038FDFB-41F3-4A42-AE1B-489D1BBFBB59}.Release|ARM.Deploy.0 = Release|ARM
		{6038FDFB-41F3-4A42-AE1B-489D1BBFBB59}.Release|iPhone.ActiveCfg = Release|Any CPU
		{6038FDFB-41F3-4A42-AE1B-489D1BBFBB59}.Release|iPhone.Build.0 = Release|Any CPU
		{6038FDFB-41F3-4A42-AE1B-489D1BBFBB59}.Release|iPhone.Deploy.0 = Release|Any CPU
		{6038FDFB-41F3-4A42-AE1B-489D1BBFBB59}.Release|iPhoneSimulator.ActiveCfg = Release|Any CPU
		{6038FDFB-41F3-4A42-AE1B-489D1BBFBB59}.Release|iPhoneSimulator.Build.0 = Release|Any CPU
		{6038FDFB-41F3-4A42-AE1B-489D1BBFBB59}.Release|iPhoneSimulator.Deploy.0 = Release|Any CPU
		{6038FDFB-41F3-4A42-AE1B-489D1BBFBB59}.Release|x64.ActiveCfg = Release|x64
		{6038FDFB-41F3-4A42-AE1B-489D1BBFBB59}.Release|x64.Build.0 = Release|x64
		{6038FDFB-41F3-4A42-AE1B-489D1BBFBB59}.Release|x64.Deploy.0 = Release|x64
		{6038FDFB-41F3-4A42-AE1B-489D1BBFBB59}.Release|x86.ActiveCfg = Release|x86
		{6038FDFB-41F3-4A42-AE1B-489D1BBFBB59}.Release|x86.Build.0 = Release|x86
		{6038FDFB-41F3-4A42-AE1B-489D1BBFBB59}.Release|x86.Deploy.0 = Release|x86
		{E8541FD2-4927-4EA9-A3AD-3D1340BE1E5F}.Ad-Hoc|Any CPU.ActiveCfg = Release|Any CPU
		{E8541FD2-4927-4EA9-A3AD-3D1340BE1E5F}.Ad-Hoc|Any CPU.Build.0 = Release|Any CPU
		{E8541FD2-4927-4EA9-A3AD-3D1340BE1E5F}.Ad-Hoc|ARM.ActiveCfg = Release|Any CPU
		{E8541FD2-4927-4EA9-A3AD-3D1340BE1E5F}.Ad-Hoc|ARM.Build.0 = Release|Any CPU
		{E8541FD2-4927-4EA9-A3AD-3D1340BE1E5F}.Ad-Hoc|iPhone.ActiveCfg = Release|Any CPU
		{E8541FD2-4927-4EA9-A3AD-3D1340BE1E5F}.Ad-Hoc|iPhone.Build.0 = Release|Any CPU
		{E8541FD2-4927-4EA9-A3AD-3D1340BE1E5F}.Ad-Hoc|iPhoneSimulator.ActiveCfg = Release|Any CPU
		{E8541FD2-4927-4EA9-A3AD-3D1340BE1E5F}.Ad-Hoc|iPhoneSimulator.Build.0 = Release|Any CPU
		{E8541FD2-4927-4EA9-A3AD-3D1340BE1E5F}.Ad-Hoc|x64.ActiveCfg = Release|Any CPU
		{E8541FD2-4927-4EA9-A3AD-3D1340BE1E5F}.Ad-Hoc|x64.Build.0 = Release|Any CPU
		{E8541FD2-4927-4EA9-A3AD-3D1340BE1E5F}.Ad-Hoc|x86.ActiveCfg = Release|Any CPU
		{E8541FD2-4927-4EA9-A3AD-3D1340BE1E5F}.Ad-Hoc|x86.Build.0 = Release|Any CPU
		{E8541FD2-4927-4EA9-A3AD-3D1340BE1E5F}.AppStore|Any CPU.ActiveCfg = Release|Any CPU
		{E8541FD2-4927-4EA9-A3AD-3D1340BE1E5F}.AppStore|Any CPU.Build.0 = Release|Any CPU
		{E8541FD2-4927-4EA9-A3AD-3D1340BE1E5F}.AppStore|ARM.ActiveCfg = Release|Any CPU
		{E8541FD2-4927-4EA9-A3AD-3D1340BE1E5F}.AppStore|ARM.Build.0 = Release|Any CPU
		{E8541FD2-4927-4EA9-A3AD-3D1340BE1E5F}.AppStore|iPhone.ActiveCfg = Release|Any CPU
		{E8541FD2-4927-4EA9-A3AD-3D1340BE1E5F}.AppStore|iPhone.Build.0 = Release|Any CPU
		{E8541FD2-4927-4EA9-A3AD-3D1340BE1E5F}.AppStore|iPhoneSimulator.ActiveCfg = Release|Any CPU
		{E8541FD2-4927-4EA9-A3AD-3D1340BE1E5F}.AppStore|iPhoneSimulator.Build.0 = Release|Any CPU
		{E8541FD2-4927-4EA9-A3AD-3D1340BE1E5F}.AppStore|x64.ActiveCfg = Release|Any CPU
		{E8541FD2-4927-4EA9-A3AD-3D1340BE1E5F}.AppStore|x64.Build.0 = Release|Any CPU
		{E8541FD2-4927-4EA9-A3AD-3D1340BE1E5F}.AppStore|x86.ActiveCfg = Release|Any CPU
		{E8541FD2-4927-4EA9-A3AD-3D1340BE1E5F}.AppStore|x86.Build.0 = Release|Any CPU
		{E8541FD2-4927-4EA9-A3AD-3D1340BE1E5F}.Debug|Any CPU.ActiveCfg = Debug|Any CPU
		{E8541FD2-4927-4EA9-A3AD-3D1340BE1E5F}.Debug|Any CPU.Build.0 = Debug|Any CPU
		{E8541FD2-4927-4EA9-A3AD-3D1340BE1E5F}.Debug|ARM.ActiveCfg = Debug|Any CPU
		{E8541FD2-4927-4EA9-A3AD-3D1340BE1E5F}.Debug|ARM.Build.0 = Debug|Any CPU
		{E8541FD2-4927-4EA9-A3AD-3D1340BE1E5F}.Debug|iPhone.ActiveCfg = Debug|Any CPU
		{E8541FD2-4927-4EA9-A3AD-3D1340BE1E5F}.Debug|iPhone.Build.0 = Debug|Any CPU
		{E8541FD2-4927-4EA9-A3AD-3D1340BE1E5F}.Debug|iPhoneSimulator.ActiveCfg = Debug|Any CPU
		{E8541FD2-4927-4EA9-A3AD-3D1340BE1E5F}.Debug|iPhoneSimulator.Build.0 = Debug|Any CPU
		{E8541FD2-4927-4EA9-A3AD-3D1340BE1E5F}.Debug|x64.ActiveCfg = Debug|Any CPU
		{E8541FD2-4927-4EA9-A3AD-3D1340BE1E5F}.Debug|x64.Build.0 = Debug|Any CPU
		{E8541FD2-4927-4EA9-A3AD-3D1340BE1E5F}.Debug|x86.ActiveCfg = Debug|Any CPU
		{E8541FD2-4927-4EA9-A3AD-3D1340BE1E5F}.Debug|x86.Build.0 = Debug|Any CPU
		{E8541FD2-4927-4EA9-A3AD-3D1340BE1E5F}.Release|Any CPU.ActiveCfg = Release|Any CPU
		{E8541FD2-4927-4EA9-A3AD-3D1340BE1E5F}.Release|Any CPU.Build.0 = Release|Any CPU
		{E8541FD2-4927-4EA9-A3AD-3D1340BE1E5F}.Release|ARM.ActiveCfg = Release|Any CPU
		{E8541FD2-4927-4EA9-A3AD-3D1340BE1E5F}.Release|ARM.Build.0 = Release|Any CPU
		{E8541FD2-4927-4EA9-A3AD-3D1340BE1E5F}.Release|iPhone.ActiveCfg = Release|Any CPU
		{E8541FD2-4927-4EA9-A3AD-3D1340BE1E5F}.Release|iPhone.Build.0 = Release|Any CPU
		{E8541FD2-4927-4EA9-A3AD-3D1340BE1E5F}.Release|iPhoneSimulator.ActiveCfg = Release|Any CPU
		{E8541FD2-4927-4EA9-A3AD-3D1340BE1E5F}.Release|iPhoneSimulator.Build.0 = Release|Any CPU
		{E8541FD2-4927-4EA9-A3AD-3D1340BE1E5F}.Release|x64.ActiveCfg = Release|Any CPU
		{E8541FD2-4927-4EA9-A3AD-3D1340BE1E5F}.Release|x64.Build.0 = Release|Any CPU
		{E8541FD2-4927-4EA9-A3AD-3D1340BE1E5F}.Release|x86.ActiveCfg = Release|Any CPU
		{E8541FD2-4927-4EA9-A3AD-3D1340BE1E5F}.Release|x86.Build.0 = Release|Any CPU
	EndGlobalSection
	GlobalSection(SolutionProperties) = preSolution
		HideSolutionNode = FALSE
	EndGlobalSection
EndGlobal
